schema: '2.0'
stages:
  training:
    cmd: python src/pipeline/training_pipeline.py
    deps:
    - path: src/components/data_ingestion.py
      hash: md5
      md5: f8a0c3ed54bd13e41f694681222a9f63
      size: 1931
    - path: src/components/data_transformation.py
      hash: md5
      md5: 0d07f3590eaa4f6a214affd6cbbad022
      size: 4412
    - path: src/components/model_evaluation.py
      hash: md5
      md5: ad2360979a070c5766f68498988f8c94
      size: 2176
    - path: src/components/model_trainer.py
      hash: md5
      md5: eefc1726d760a30e8ba4e223b6fcdd6a
      size: 2378
    - path: src/pipeline/training_pipeline.py
      hash: md5
      md5: 5de9d7f02461b4f58f8cfe536f9607a9
      size: 790
    outs:
    - path: artifacts/model.pkl
      hash: md5
      md5: 378d0f447152f1f0c85c6502d4627680
      size: 591
    - path: artifacts/preprocessor.pkl
      hash: md5
      md5: 023ebdd7d747689f1b555f79a3e90731
      size: 3025
    - path: artifacts/raw.csv
      hash: md5
      md5: 14ddfc56c931255ee10d3859d0ac4fc0
      size: 10462804
    - path: artifacts/test.csv
      hash: md5
      md5: 20c631ded66f8169021191bc52a6c1aa
      size: 2615787
    - path: artifacts/train.csv
      hash: md5
      md5: de561952f082800e7771f2ca06981f06
      size: 7847068
